
Microsoft Visual Studio Solution File, Format Version 12.00
# Visual Studio Version 16
VisualStudioVersion = 16.0.30114.105
MinimumVisualStudioVersion = 10.0.40219.1
Project("{2150E333-8FDC-42A3-9474-1A3956D46DE8}") = "Solution Items", "Solution Items", "{97A9CCEE-A4AF-49B5-9C05-CAAEC497071D}"
	ProjectSection(SolutionItems) = preProject
		.gitattributes = .gitattributes
		.gitignore = .gitignore
		LICENSE = LICENSE
		README.md = README.md
	EndProjectSection
EndProject
Project("{9A19103F-16F7-4668-BE54-9A1E7A4F7556}") = "BLTS.WebUi", "BLTS.WebUi\BLTS.WebUi.csproj", "{6BF2596E-B345-4F6A-B6FF-E78D9539FD9D}"
	ProjectSection(ProjectDependencies) = postProject
		{967EB942-173E-44FD-A8DB-3C41B5C4B043} = {967EB942-173E-44FD-A8DB-3C41B5C4B043}
		{5FBC7A59-31F4-4D3B-8E4D-DD1D41707E9A} = {5FBC7A59-31F4-4D3B-8E4D-DD1D41707E9A}
	EndProjectSection
EndProject
Project("{2150E333-8FDC-42A3-9474-1A3956D46DE8}") = "Images", "Images", "{ACA9D9EF-BBBF-448A-912C-ABB7416B8BB9}"
EndProject
Project("{2150E333-8FDC-42A3-9474-1A3956D46DE8}") = "Icons", "Icons", "{97FBD86C-AA8B-4A07-99F7-1B6CE6D982ED}"
EndProject
Project("{2150E333-8FDC-42A3-9474-1A3956D46DE8}") = "Screenshots", "Screenshots", "{4C045B62-71EA-41A9-A0B4-FE927C078B5D}"
EndProject
Project("{2150E333-8FDC-42A3-9474-1A3956D46DE8}") = "Solution Documents", "Solution Documents", "{118099C7-7938-4791-A30C-CC2A0EB1E0AA}"
EndProject
Project("{9A19103F-16F7-4668-BE54-9A1E7A4F7556}") = "BLTS.WebUi.Core", "BLTS.WebUi.Core\BLTS.WebUi.Core.csproj", "{967EB942-173E-44FD-A8DB-3C41B5C4B043}"
EndProject
Project("{9A19103F-16F7-4668-BE54-9A1E7A4F7556}") = "BLTS.WebUi.Infrastructure", "BLTS.WebUi.Infrastructure\BLTS.WebUi.Infrastructure.csproj", "{5FBC7A59-31F4-4D3B-8E4D-DD1D41707E9A}"
	ProjectSection(ProjectDependencies) = postProject
		{967EB942-173E-44FD-A8DB-3C41B5C4B043} = {967EB942-173E-44FD-A8DB-3C41B5C4B043}
	EndProjectSection
EndProject
Global
	GlobalSection(SolutionConfigurationPlatforms) = preSolution
		Debug|Any CPU = Debug|Any CPU
		Release|Any CPU = Release|Any CPU
	EndGlobalSection
	GlobalSection(ProjectConfigurationPlatforms) = postSolution
		{6BF2596E-B345-4F6A-B6FF-E78D9539FD9D}.Debug|Any CPU.ActiveCfg = Debug|Any CPU
		{6BF2596E-B345-4F6A-B6FF-E78D9539FD9D}.Debug|Any CPU.Build.0 = Debug|Any CPU
		{6BF2596E-B345-4F6A-B6FF-E78D9539FD9D}.Release|Any CPU.ActiveCfg = Release|Any CPU
		{6BF2596E-B345-4F6A-B6FF-E78D9539FD9D}.Release|Any CPU.Build.0 = Release|Any CPU
		{967EB942-173E-44FD-A8DB-3C41B5C4B043}.Debug|Any CPU.ActiveCfg = Debug|Any CPU
		{967EB942-173E-44FD-A8DB-3C41B5C4B043}.Debug|Any CPU.Build.0 = Debug|Any CPU
		{967EB942-173E-44FD-A8DB-3C41B5C4B043}.Release|Any CPU.ActiveCfg = Release|Any CPU
		{967EB942-173E-44FD-A8DB-3C41B5C4B043}.Release|Any CPU.Build.0 = Release|Any CPU
		{5FBC7A59-31F4-4D3B-8E4D-DD1D41707E9A}.Debug|Any CPU.ActiveCfg = Debug|Any CPU
		{5FBC7A59-31F4-4D3B-8E4D-DD1D41707E9A}.Debug|Any CPU.Build.0 = Debug|Any CPU
		{5FBC7A59-31F4-4D3B-8E4D-DD1D41707E9A}.Release|Any CPU.ActiveCfg = Release|Any CPU
		{5FBC7A59-31F4-4D3B-8E4D-DD1D41707E9A}.Release|Any CPU.Build.0 = Release|Any CPU
	EndGlobalSection
	GlobalSection(SolutionProperties) = preSolution
		HideSolutionNode = FALSE
	EndGlobalSection
	GlobalSection(NestedProjects) = preSolution
		{97FBD86C-AA8B-4A07-99F7-1B6CE6D982ED} = {ACA9D9EF-BBBF-448A-912C-ABB7416B8BB9}
		{4C045B62-71EA-41A9-A0B4-FE927C078B5D} = {ACA9D9EF-BBBF-448A-912C-ABB7416B8BB9}
	EndGlobalSection
	GlobalSection(ExtensibilityGlobals) = postSolution
		SolutionGuid = {92C5ABCF-AE57-4A16-838F-1D0394217D10}
	EndGlobalSection
EndGlobal
